
Microsoft Visual Studio Solution File, Format Version 12.00
# Visual Studio Version 16
VisualStudioVersion = 16.0.29709.97
MinimumVisualStudioVersion = 10.0.40219.1
Project("{FAE04EC0-301F-11D3-BF4B-00C04F79EFBC}") = "xadrez_console", "xadrez_console\xadrez_console.csproj", "{DBA36EB4-A337-4C07-836D-671A84243FC7}"
EndProject
Global
	GlobalSection(SolutionConfigurationPlatforms) = preSolution
		Debug|Any CPU = Debug|Any CPU
		Release|Any CPU = Release|Any CPU
	EndGlobalSection
	GlobalSection(ProjectConfigurationPlatforms) = postSolution
		{DBA36EB4-A337-4C07-836D-671A84243FC7}.Debug|Any CPU.ActiveCfg = Debug|Any CPU
		{DBA36EB4-A337-4C07-836D-671A84243FC7}.Debug|Any CPU.Build.0 = Debug|Any CPU
		{DBA36EB4-A337-4C07-836D-671A84243FC7}.Release|Any CPU.ActiveCfg = Release|Any CPU
		{DBA36EB4-A337-4C07-836D-671A84243FC7}.Release|Any CPU.Build.0 = Release|Any CPU
	EndGlobalSection
	GlobalSection(SolutionProperties) = preSolution
		HideSolutionNode = FALSE
	EndGlobalSection
	GlobalSection(ExtensibilityGlobals) = postSolution
		SolutionGuid = {FB41C2C5-ECF8-4468-BF75-6D688D28B9BD}
	EndGlobalSection
EndGlobal
